
Microsoft Visual Studio Solution File, Format Version 12.00
# Visual Studio Version 17
VisualStudioVersion = 17.11.35219.272
MinimumVisualStudioVersion = 10.0.40219.1
Project("{FAE04EC0-301F-11D3-BF4B-00C04F79EFBC}") = "BistroBookMVC", "BistroBookMVC.csproj", "{6656FBDD-C31A-4D04-B006-0D554C2536CC}"
EndProject
Global
	GlobalSection(SolutionConfigurationPlatforms) = preSolution
		Debug|Any CPU = Debug|Any CPU
		Release|Any CPU = Release|Any CPU
	EndGlobalSection
	GlobalSection(ProjectConfigurationPlatforms) = postSolution
		{6656FBDD-C31A-4D04-B006-0D554C2536CC}.Debug|Any CPU.ActiveCfg = Debug|Any CPU
		{6656FBDD-C31A-4D04-B006-0D554C2536CC}.Debug|Any CPU.Build.0 = Debug|Any CPU
		{6656FBDD-C31A-4D04-B006-0D554C2536CC}.Release|Any CPU.ActiveCfg = Release|Any CPU
		{6656FBDD-C31A-4D04-B006-0D554C2536CC}.Release|Any CPU.Build.0 = Release|Any CPU
	EndGlobalSection
	GlobalSection(SolutionProperties) = preSolution
		HideSolutionNode = FALSE
	EndGlobalSection
	GlobalSection(ExtensibilityGlobals) = postSolution
		SolutionGuid = {BF1F12F4-2DFB-464E-9AA8-D2A64DE37EAC}
	EndGlobalSection
EndGlobal
